
Microsoft Visual Studio Solution File, Format Version 12.00
# Visual Studio 15
VisualStudioVersion = 15.0.27130.2026
MinimumVisualStudioVersion = 10.0.40219.1
Project("{2150E333-8FDC-42A3-9474-1A3956D46DE8}") = "src", "src", "{7F683640-A435-4FA6-8F4C-7EDEBC03BCB5}"
EndProject
Project("{2150E333-8FDC-42A3-9474-1A3956D46DE8}") = "Solution Items", "Solution Items", "{3B1400FB-4C30-4A51-B5CD-BE3D85857D80}"
EndProject
Project("{9A19103F-16F7-4668-BE54-9A1E7A4F7556}") = "Bootcamp.Payroll.Simulator", "src\Bootcamp.Payroll.Simulator\Bootcamp.Payroll.Simulator.csproj", "{48117B46-FBE5-4E9D-AAF4-E72E90F4C789}"
EndProject
Global
	GlobalSection(SolutionConfigurationPlatforms) = preSolution
		Debug|Any CPU = Debug|Any CPU
		Release|Any CPU = Release|Any CPU
	EndGlobalSection
	GlobalSection(ProjectConfigurationPlatforms) = postSolution
		{48117B46-FBE5-4E9D-AAF4-E72E90F4C789}.Debug|Any CPU.ActiveCfg = Debug|Any CPU
		{48117B46-FBE5-4E9D-AAF4-E72E90F4C789}.Debug|Any CPU.Build.0 = Debug|Any CPU
		{48117B46-FBE5-4E9D-AAF4-E72E90F4C789}.Release|Any CPU.ActiveCfg = Release|Any CPU
		{48117B46-FBE5-4E9D-AAF4-E72E90F4C789}.Release|Any CPU.Build.0 = Release|Any CPU
	EndGlobalSection
	GlobalSection(SolutionProperties) = preSolution
		HideSolutionNode = FALSE
	EndGlobalSection
	GlobalSection(NestedProjects) = preSolution
		{48117B46-FBE5-4E9D-AAF4-E72E90F4C789} = {7F683640-A435-4FA6-8F4C-7EDEBC03BCB5}
	EndGlobalSection
	GlobalSection(ExtensibilityGlobals) = postSolution
		SolutionGuid = {E830B907-2CBE-408E-9423-358C3313A18D}
	EndGlobalSection
EndGlobal
