
Microsoft Visual Studio Solution File, Format Version 12.00
# Visual Studio 15
VisualStudioVersion = 15.0.27130.2024
MinimumVisualStudioVersion = 10.0.40219.1
Project("{9A19103F-16F7-4668-BE54-9A1E7A4F7556}") = "HRPayroll.Classes", "HRPayroll.Classes\HRPayroll.Classes.csproj", "{4315D6C0-E487-47AD-8C6B-65CB38BF0D90}"
EndProject
Project("{9A19103F-16F7-4668-BE54-9A1E7A4F7556}") = "HRPayroll.Archive", "HRPayroll.Archive\HRPayroll.Archive.csproj", "{9631A7BB-FA5A-46C4-A154-92E21FFDB07D}"
EndProject
Project("{9A19103F-16F7-4668-BE54-9A1E7A4F7556}") = "HRPayroll.Audit", "HRPayroll.Audit\HRPayroll.Audit.csproj", "{C66F9ECC-2CBA-4619-85C6-0D16E704E083}"
EndProject
Global
	GlobalSection(SolutionConfigurationPlatforms) = preSolution
		Debug|Any CPU = Debug|Any CPU
		Release|Any CPU = Release|Any CPU
	EndGlobalSection
	GlobalSection(ProjectConfigurationPlatforms) = postSolution
		{4315D6C0-E487-47AD-8C6B-65CB38BF0D90}.Debug|Any CPU.ActiveCfg = Debug|Any CPU
		{4315D6C0-E487-47AD-8C6B-65CB38BF0D90}.Debug|Any CPU.Build.0 = Debug|Any CPU
		{4315D6C0-E487-47AD-8C6B-65CB38BF0D90}.Release|Any CPU.ActiveCfg = Release|Any CPU
		{4315D6C0-E487-47AD-8C6B-65CB38BF0D90}.Release|Any CPU.Build.0 = Release|Any CPU
		{9631A7BB-FA5A-46C4-A154-92E21FFDB07D}.Debug|Any CPU.ActiveCfg = Debug|Any CPU
		{9631A7BB-FA5A-46C4-A154-92E21FFDB07D}.Debug|Any CPU.Build.0 = Debug|Any CPU
		{9631A7BB-FA5A-46C4-A154-92E21FFDB07D}.Release|Any CPU.ActiveCfg = Release|Any CPU
		{9631A7BB-FA5A-46C4-A154-92E21FFDB07D}.Release|Any CPU.Build.0 = Release|Any CPU
		{C66F9ECC-2CBA-4619-85C6-0D16E704E083}.Debug|Any CPU.ActiveCfg = Debug|Any CPU
		{C66F9ECC-2CBA-4619-85C6-0D16E704E083}.Debug|Any CPU.Build.0 = Debug|Any CPU
		{C66F9ECC-2CBA-4619-85C6-0D16E704E083}.Release|Any CPU.ActiveCfg = Release|Any CPU
		{C66F9ECC-2CBA-4619-85C6-0D16E704E083}.Release|Any CPU.Build.0 = Release|Any CPU
	EndGlobalSection
	GlobalSection(SolutionProperties) = preSolution
		HideSolutionNode = FALSE
	EndGlobalSection
	GlobalSection(ExtensibilityGlobals) = postSolution
		SolutionGuid = {81677896-33DB-4532-B9D5-8E47FBBD4CAB}
	EndGlobalSection
EndGlobal
