
Microsoft Visual Studio Solution File, Format Version 12.00
# Visual Studio 15
VisualStudioVersion = 15.0.27004.2006
MinimumVisualStudioVersion = 10.0.40219.1
Project("{9A19103F-16F7-4668-BE54-9A1E7A4F7556}") = "FlourishAPI", "FlourishAPI\FlourishAPI.csproj", "{30B6ECCC-467E-4491-991E-4392915C9470}"
EndProject
Global
	GlobalSection(SolutionConfigurationPlatforms) = preSolution
		Debug|Any CPU = Debug|Any CPU
		Release|Any CPU = Release|Any CPU
	EndGlobalSection
	GlobalSection(ProjectConfigurationPlatforms) = postSolution
		{30B6ECCC-467E-4491-991E-4392915C9470}.Debug|Any CPU.ActiveCfg = Debug|Any CPU
		{30B6ECCC-467E-4491-991E-4392915C9470}.Debug|Any CPU.Build.0 = Debug|Any CPU
		{30B6ECCC-467E-4491-991E-4392915C9470}.Release|Any CPU.ActiveCfg = Release|Any CPU
		{30B6ECCC-467E-4491-991E-4392915C9470}.Release|Any CPU.Build.0 = Release|Any CPU
	EndGlobalSection
	GlobalSection(SolutionProperties) = preSolution
		HideSolutionNode = FALSE
	EndGlobalSection
	GlobalSection(ExtensibilityGlobals) = postSolution
		SolutionGuid = {72BF321B-DE3F-47E1-8CFC-9EC2D6B007B8}
	EndGlobalSection
EndGlobal
