
Microsoft Visual Studio Solution File, Format Version 12.00
# Visual Studio 15
VisualStudioVersion = 15.0.27130.2024
MinimumVisualStudioVersion = 10.0.40219.1
Project("{FAE04EC0-301F-11D3-BF4B-00C04F79EFBC}") = "HRPayroll.Scheduler", "HRPayroll.Scheduler\HRPayroll.Scheduler.csproj", "{23C7F284-47AC-4F2C-B008-0B9E4AB7501A}"
EndProject
Global
	GlobalSection(SolutionConfigurationPlatforms) = preSolution
		Debug|Any CPU = Debug|Any CPU
		Release|Any CPU = Release|Any CPU
	EndGlobalSection
	GlobalSection(ProjectConfigurationPlatforms) = postSolution
		{23C7F284-47AC-4F2C-B008-0B9E4AB7501A}.Debug|Any CPU.ActiveCfg = Debug|Any CPU
		{23C7F284-47AC-4F2C-B008-0B9E4AB7501A}.Debug|Any CPU.Build.0 = Debug|Any CPU
		{23C7F284-47AC-4F2C-B008-0B9E4AB7501A}.Release|Any CPU.ActiveCfg = Release|Any CPU
		{23C7F284-47AC-4F2C-B008-0B9E4AB7501A}.Release|Any CPU.Build.0 = Release|Any CPU
	EndGlobalSection
	GlobalSection(SolutionProperties) = preSolution
		HideSolutionNode = FALSE
	EndGlobalSection
	GlobalSection(ExtensibilityGlobals) = postSolution
		SolutionGuid = {2B5D7CE1-63F0-4C07-A9A6-683D7E8E8A1F}
	EndGlobalSection
EndGlobal
